
Microsoft Visual Studio Solution File, Format Version 12.00
# Visual Studio Version 16
VisualStudioVersion = 16.0.30413.136
MinimumVisualStudioVersion = 10.0.40219.1
Project("{FAE04EC0-301F-11D3-BF4B-00C04F79EFBC}") = "SalesWebMvc", "SalesWebMvc\SalesWebMvc.csproj", "{83FFDE5E-DF96-4440-B8DA-4205A36862BD}"
EndProject
Global
	GlobalSection(SolutionConfigurationPlatforms) = preSolution
		Debug|Any CPU = Debug|Any CPU
		Release|Any CPU = Release|Any CPU
	EndGlobalSection
	GlobalSection(ProjectConfigurationPlatforms) = postSolution
		{83FFDE5E-DF96-4440-B8DA-4205A36862BD}.Debug|Any CPU.ActiveCfg = Debug|Any CPU
		{83FFDE5E-DF96-4440-B8DA-4205A36862BD}.Debug|Any CPU.Build.0 = Debug|Any CPU
		{83FFDE5E-DF96-4440-B8DA-4205A36862BD}.Release|Any CPU.ActiveCfg = Release|Any CPU
		{83FFDE5E-DF96-4440-B8DA-4205A36862BD}.Release|Any CPU.Build.0 = Release|Any CPU
	EndGlobalSection
	GlobalSection(SolutionProperties) = preSolution
		HideSolutionNode = FALSE
	EndGlobalSection
	GlobalSection(ExtensibilityGlobals) = postSolution
		SolutionGuid = {30182648-BF62-440A-B93B-B294C476587D}
	EndGlobalSection
EndGlobal
